// !$*UTF8*$!
{
	archiveVersion = 1;
	classes = {
	};
	objectVersion = 50;
	objects = {

/* Begin PBXBuildFile section */
		E6947AA625E0FECD00216319 /* Bulls_EyeApp.swift in Sources */ = {isa = PBXBuildFile; fileRef = E6947A7D25E0FECC00216319 /* Bulls_EyeApp.swift */; };
		E6947AA825E0FECD00216319 /* ContentView.swift in Sources */ = {isa = PBXBuildFile; fileRef = E6947A7E25E0FECC00216319 /* ContentView.swift */; };
		E6947AAA25E0FECD00216319 /* Assets.xcassets in Resources */ = {isa = PBXBuildFile; fileRef = E6947A7F25E0FECD00216319 /* Assets.xcassets */; };
		E6947AC525E1430200216319 /* Game.swift in Sources */ = {isa = PBXBuildFile; fileRef = E6947AC425E1430200216319 /* Game.swift */; };
		E6947ADC25E290F800216319 /* Bulls_EyeTests.swift in Sources */ = {isa = PBXBuildFile; fileRef = E6947ADB25E290F800216319 /* Bulls_EyeTests.swift */; };
/* End PBXBuildFile section */

/* Begin PBXContainerItemProxy section */
		E6947ADE25E290F800216319 /* PBXContainerItemProxy */ = {
			isa = PBXContainerItemProxy;
			containerPortal = E6947A7825E0FECC00216319 /* Project object */;
			proxyType = 1;
			remoteGlobalIDString = E6947A8325E0FECD00216319;
			remoteInfo = "Bulls Eye (iOS)";
		};
/* End PBXContainerItemProxy section */

/* Begin PBXFileReference section */
		E6947A7D25E0FECC00216319 /* Bulls_EyeApp.swift */ = {isa = PBXFileReference; lastKnownFileType = sourcecode.swift; path = Bulls_EyeApp.swift; sourceTree = "<group>"; };
		E6947A7E25E0FECC00216319 /* ContentView.swift */ = {isa = PBXFileReference; lastKnownFileType = sourcecode.swift; path = ContentView.swift; sourceTree = "<group>"; };
		E6947A7F25E0FECD00216319 /* Assets.xcassets */ = {isa = PBXFileReference; lastKnownFileType = folder.assetcatalog; path = Assets.xcassets; sourceTree = "<group>"; };
		E6947A8425E0FECD00216319 /* Bulls Eye.app */ = {isa = PBXFileReference; explicitFileType = wrapper.application; includeInIndex = 0; path = "Bulls Eye.app"; sourceTree = BUILT_PRODUCTS_DIR; };
		E6947A8725E0FECD00216319 /* Info.plist */ = {isa = PBXFileReference; lastKnownFileType = text.plist.xml; path = Info.plist; sourceTree = "<group>"; };
		E6947AC425E1430200216319 /* Game.swift */ = {isa = PBXFileReference; lastKnownFileType = sourcecode.swift; path = Game.swift; sourceTree = "<group>"; };
		E6947AD925E290F800216319 /* Bulls EyeTests.xctest */ = {isa = PBXFileReference; explicitFileType = wrapper.cfbundle; includeInIndex = 0; path = "Bulls EyeTests.xctest"; sourceTree = BUILT_PRODUCTS_DIR; };
		E6947ADB25E290F800216319 /* Bulls_EyeTests.swift */ = {isa = PBXFileReference; lastKnownFileType = sourcecode.swift; path = Bulls_EyeTests.swift; sourceTree = "<group>"; };
		E6947ADD25E290F800216319 /* Info.plist */ = {isa = PBXFileReference; lastKnownFileType = text.plist.xml; path = Info.plist; sourceTree = "<group>"; };
/* End PBXFileReference section */

/* Begin PBXFrameworksBuildPhase section */
		E6947A8125E0FECD00216319 /* Frameworks */ = {
			isa = PBXFrameworksBuildPhase;
			buildActionMask = 2147483647;
			files = (
			);
			runOnlyForDeploymentPostprocessing = 0;
		};
		E6947AD625E290F800216319 /* Frameworks */ = {
			isa = PBXFrameworksBuildPhase;
			buildActionMask = 2147483647;
			files = (
			);
			runOnlyForDeploymentPostprocessing = 0;
		};
/* End PBXFrameworksBuildPhase section */

/* Begin PBXGroup section */
		E6947A7725E0FECC00216319 = {
			isa = PBXGroup;
			children = (
				E6947A7C25E0FECC00216319 /* Shared */,
				E6947A8625E0FECD00216319 /* iOS */,
				E6947ADA25E290F800216319 /* Bulls EyeTests */,
				E6947A8525E0FECD00216319 /* Products */,
			);
			sourceTree = "<group>";
		};
		E6947A7C25E0FECC00216319 /* Shared */ = {
			isa = PBXGroup;
			children = (
				E6947ABF25E1409800216319 /* Views */,
				E6947ABE25E1409100216319 /* Models */,
				E6947A7D25E0FECC00216319 /* Bulls_EyeApp.swift */,
				E6947A7F25E0FECD00216319 /* Assets.xcassets */,
			);
			path = Shared;
			sourceTree = "<group>";
		};
		E6947A8525E0FECD00216319 /* Products */ = {
			isa = PBXGroup;
			children = (
				E6947A8425E0FECD00216319 /* Bulls Eye.app */,
				E6947AD925E290F800216319 /* Bulls EyeTests.xctest */,
			);
			name = Products;
			sourceTree = "<group>";
		};
		E6947A8625E0FECD00216319 /* iOS */ = {
			isa = PBXGroup;
			children = (
				E6947A8725E0FECD00216319 /* Info.plist */,
			);
			path = iOS;
			sourceTree = "<group>";
		};
		E6947ABE25E1409100216319 /* Models */ = {
			isa = PBXGroup;
			children = (
				E6947AC425E1430200216319 /* Game.swift */,
			);
			path = Models;
			sourceTree = "<group>";
		};
		E6947ABF25E1409800216319 /* Views */ = {
			isa = PBXGroup;
			children = (
				E6947A7E25E0FECC00216319 /* ContentView.swift */,
			);
			path = Views;
			sourceTree = "<group>";
		};
		E6947ADA25E290F800216319 /* Bulls EyeTests */ = {
			isa = PBXGroup;
			children = (
				E6947ADB25E290F800216319 /* Bulls_EyeTests.swift */,
				E6947ADD25E290F800216319 /* Info.plist */,
			);
			path = "Bulls EyeTests";
			sourceTree = "<group>";
		};
/* End PBXGroup section */

/* Begin PBXNativeTarget section */
		E6947A8325E0FECD00216319 /* Bulls Eye (iOS) */ = {
			isa = PBXNativeTarget;
			buildConfigurationList = E6947AAE25E0FECD00216319 /* Build configuration list for PBXNativeTarget "Bulls Eye (iOS)" */;
			buildPhases = (
				E6947A8025E0FECD00216319 /* Sources */,
				E6947A8125E0FECD00216319 /* Frameworks */,
				E6947A8225E0FECD00216319 /* Resources */,
			);
			buildRules = (
			);
			dependencies = (
			);
			name = "Bulls Eye (iOS)";
			productName = "Bulls Eye (iOS)";
			productReference = E6947A8425E0FECD00216319 /* Bulls Eye.app */;
			productType = "com.apple.product-type.application";
		};
		E6947AD825E290F800216319 /* Bulls EyeTests */ = {
			isa = PBXNativeTarget;
			buildConfigurationList = E6947AE025E290F800216319 /* Build configuration list for PBXNativeTarget "Bulls EyeTests" */;
			buildPhases = (
				E6947AD525E290F800216319 /* Sources */,
				E6947AD625E290F800216319 /* Frameworks */,
				E6947AD725E290F800216319 /* Resources */,
			);
			buildRules = (
			);
			dependencies = (
				E6947ADF25E290F800216319 /* PBXTargetDependency */,
			);
			name = "Bulls EyeTests";
			productName = "Bulls EyeTests";
			productReference = E6947AD925E290F800216319 /* Bulls EyeTests.xctest */;
			productType = "com.apple.product-type.bundle.unit-test";
		};
/* End PBXNativeTarget section */

/* Begin PBXProject section */
		E6947A7825E0FECC00216319 /* Project object */ = {
			isa = PBXProject;
			attributes = {
				LastSwiftUpdateCheck = 1240;
				LastUpgradeCheck = 1240;
				TargetAttributes = {
					E6947A8325E0FECD00216319 = {
						CreatedOnToolsVersion = 12.4;
					};
					E6947AD825E290F800216319 = {
						CreatedOnToolsVersion = 12.4;
						TestTargetID = E6947A8325E0FECD00216319;
					};
				};
			};
			buildConfigurationList = E6947A7B25E0FECC00216319 /* Build configuration list for PBXProject "Bulls Eye" */;
			compatibilityVersion = "Xcode 9.3";
			developmentRegion = en;
			hasScannedForEncodings = 0;
			knownRegions = (
				en,
				Base,
			);
			mainGroup = E6947A7725E0FECC00216319;
			productRefGroup = E6947A8525E0FECD00216319 /* Products */;
			projectDirPath = "";
			projectRoot = "";
			targets = (
				E6947A8325E0FECD00216319 /* Bulls Eye (iOS) */,
				E6947AD825E290F800216319 /* Bulls EyeTests */,
			);
		};
/* End PBXProject section */

/* Begin PBXResourcesBuildPhase section */
		E6947A8225E0FECD00216319 /* Resources */ = {
			isa = PBXResourcesBuildPhase;
			buildActionMask = 2147483647;
			files = (
				E6947AAA25E0FECD00216319 /* Assets.xcassets in Resources */,
			);
			runOnlyForDeploymentPostprocessing = 0;
		};
		E6947AD725E290F800216319 /* Resources */ = {
			isa = PBXResourcesBuildPhase;
			buildActionMask = 2147483647;
			files = (
			);
			runOnlyForDeploymentPostprocessing = 0;
		};
/* End PBXResourcesBuildPhase section */

/* Begin PBXSourcesBuildPhase section */
		E6947A8025E0FECD00216319 /* Sources */ = {
			isa = PBXSourcesBuildPhase;
			buildActionMask = 2147483647;
			files = (
				E6947AA825E0FECD00216319 /* ContentView.swift in Sources */,
				E6947AC525E1430200216319 /* Game.swift in Sources */,
				E6947AA625E0FECD00216319 /* Bulls_EyeApp.swift in Sources */,
			);
			runOnlyForDeploymentPostprocessing = 0;
		};
		E6947AD525E290F800216319 /* Sources */ = {
			isa = PBXSourcesBuildPhase;
			buildActionMask = 2147483647;
			files = (
				E6947ADC25E290F800216319 /* Bulls_EyeTests.swift in Sources */,
			);
			runOnlyForDeploymentPostprocessing = 0;
		};
/* End PBXSourcesBuildPhase section */

/* Begin PBXTargetDependency section */
		E6947ADF25E290F800216319 /* PBXTargetDependency */ = {
			isa = PBXTargetDependency;
			target = E6947A8325E0FECD00216319 /* Bulls Eye (iOS) */;
			targetProxy = E6947ADE25E290F800216319 /* PBXContainerItemProxy */;
		};
/* End PBXTargetDependency section */

/* Begin XCBuildConfiguration section */
		E6947AAC25E0FECD00216319 /* Debug */ = {
			isa = XCBuildConfiguration;
			buildSettings = {
				ALWAYS_SEARCH_USER_PATHS = NO;
				CLANG_ANALYZER_NONNULL = YES;
				CLANG_ANALYZER_NUMBER_OBJECT_CONVERSION = YES_AGGRESSIVE;
				CLANG_CXX_LANGUAGE_STANDARD = "gnu++14";
				CLANG_CXX_LIBRARY = "libc++";
				CLANG_ENABLE_MODULES = YES;
				CLANG_ENABLE_OBJC_ARC = YES;
				CLANG_ENABLE_OBJC_WEAK = YES;
				CLANG_WARN_BLOCK_CAPTURE_AUTORELEASING = YES;
				CLANG_WARN_BOOL_CONVERSION = YES;
				CLANG_WARN_COMMA = YES;
				CLANG_WARN_CONSTANT_CONVERSION = YES;
				CLANG_WARN_DEPRECATED_OBJC_IMPLEMENTATIONS = YES;
				CLANG_WARN_DIRECT_OBJC_ISA_USAGE = YES_ERROR;
				CLANG_WARN_DOCUMENTATION_COMMENTS = YES;
				CLANG_WARN_EMPTY_BODY = YES;
				CLANG_WARN_ENUM_CONVERSION = YES;
				CLANG_WARN_INFINITE_RECURSION = YES;
				CLANG_WARN_INT_CONVERSION = YES;
				CLANG_WARN_NON_LITERAL_NULL_CONVERSION = YES;
				CLANG_WARN_OBJC_IMPLICIT_RETAIN_SELF = YES;
				CLANG_WARN_OBJC_LITERAL_CONVERSION = YES;
				CLANG_WARN_OBJC_ROOT_CLASS = YES_ERROR;
				CLANG_WARN_QUOTED_INCLUDE_IN_FRAMEWORK_HEADER = YES;
				CLANG_WARN_RANGE_LOOP_ANALYSIS = YES;
				CLANG_WARN_STRICT_PROTOTYPES = YES;
				CLANG_WARN_SUSPICIOUS_MOVE = YES;
				CLANG_WARN_UNGUARDED_AVAILABILITY = YES_AGGRESSIVE;
				CLANG_WARN_UNREACHABLE_CODE = YES;
				CLANG_WARN__DUPLICATE_METHOD_MATCH = YES;
				COPY_PHASE_STRIP = NO;
				DEBUG_INFORMATION_FORMAT = dwarf;
				ENABLE_STRICT_OBJC_MSGSEND = YES;
				ENABLE_TESTABILITY = YES;
				GCC_C_LANGUAGE_STANDARD = gnu11;
				GCC_DYNAMIC_NO_PIC = NO;
				GCC_NO_COMMON_BLOCKS = YES;
				GCC_OPTIMIZATION_LEVEL = 0;
				GCC_PREPROCESSOR_DEFINITIONS = (
					"DEBUG=1",
					"$(inherited)",
				);
				GCC_WARN_64_TO_32_BIT_CONVERSION = YES;
				GCC_WARN_ABOUT_RETURN_TYPE = YES_ERROR;
				GCC_WARN_UNDECLARED_SELECTOR = YES;
				GCC_WARN_UNINITIALIZED_AUTOS = YES_AGGRESSIVE;
				GCC_WARN_UNUSED_FUNCTION = YES;
				GCC_WARN_UNUSED_VARIABLE = YES;
				MTL_ENABLE_DEBUG_INFO = INCLUDE_SOURCE;
				MTL_FAST_MATH = YES;
				ONLY_ACTIVE_ARCH = YES;
				SWIFT_ACTIVE_COMPILATION_CONDITIONS = DEBUG;
				SWIFT_OPTIMIZATION_LEVEL = "-Onone";
			};
			name = Debug;
		};
		E6947AAD25E0FECD00216319 /* Release */ = {
			isa = XCBuildConfiguration;
			buildSettings = {
				ALWAYS_SEARCH_USER_PATHS = NO;
				CLANG_ANALYZER_NONNULL = YES;
				CLANG_ANALYZER_NUMBER_OBJECT_CONVERSION = YES_AGGRESSIVE;
				CLANG_CXX_LANGUAGE_STANDARD = "gnu++14";
				CLANG_CXX_LIBRARY = "libc++";
				CLANG_ENABLE_MODULES = YES;
				CLANG_ENABLE_OBJC_ARC = YES;
				CLANG_ENABLE_OBJC_WEAK = YES;
				CLANG_WARN_BLOCK_CAPTURE_AUTORELEASING = YES;
				CLANG_WARN_BOOL_CONVERSION = YES;
				CLANG_WARN_COMMA = YES;
				CLANG_WARN_CONSTANT_CONVERSION = YES;
				CLANG_WARN_DEPRECATED_OBJC_IMPLEMENTATIONS = YES;
				CLANG_WARN_DIRECT_OBJC_ISA_USAGE = YES_ERROR;
				CLANG_WARN_DOCUMENTATION_COMMENTS = YES;
				CLANG_WARN_EMPTY_BODY = YES;
				CLANG_WARN_ENUM_CONVERSION = YES;
				CLANG_WARN_INFINITE_RECURSION = YES;
				CLANG_WARN_INT_CONVERSION = YES;
				CLANG_WARN_NON_LITERAL_NULL_CONVERSION = YES;
				CLANG_WARN_OBJC_IMPLICIT_RETAIN_SELF = YES;
				CLANG_WARN_OBJC_LITERAL_CONVERSION = YES;
				CLANG_WARN_OBJC_ROOT_CLASS = YES_ERROR;
				CLANG_WARN_QUOTED_INCLUDE_IN_FRAMEWORK_HEADER = YES;
				CLANG_WARN_RANGE_LOOP_ANALYSIS = YES;
				CLANG_WARN_STRICT_PROTOTYPES = YES;
				CLANG_WARN_SUSPICIOUS_MOVE = YES;
				CLANG_WARN_UNGUARDED_AVAILABILITY = YES_AGGRESSIVE;
				CLANG_WARN_UNREACHABLE_CODE = YES;
				CLANG_WARN__DUPLICATE_METHOD_MATCH = YES;
				COPY_PHASE_STRIP = NO;
				DEBUG_INFORMATION_FORMAT = "dwarf-with-dsym";
				ENABLE_NS_ASSERTIONS = NO;
				ENABLE_STRICT_OBJC_MSGSEND = YES;
				GCC_C_LANGUAGE_STANDARD = gnu11;
				GCC_NO_COMMON_BLOCKS = YES;
				GCC_WARN_64_TO_32_BIT_CONVERSION = YES;
				GCC_WARN_ABOUT_RETURN_TYPE = YES_ERROR;
				GCC_WARN_UNDECLARED_SELECTOR = YES;
				GCC_WARN_UNINITIALIZED_AUTOS = YES_AGGRESSIVE;
				GCC_WARN_UNUSED_FUNCTION = YES;
				GCC_WARN_UNUSED_VARIABLE = YES;
				MTL_ENABLE_DEBUG_INFO = NO;
				MTL_FAST_MATH = YES;
				SWIFT_COMPILATION_MODE = wholemodule;
				SWIFT_OPTIMIZATION_LEVEL = "-O";
			};
			name = Release;
		};
		E6947AAF25E0FECD00216319 /* Debug */ = {
			isa = XCBuildConfiguration;
			buildSettings = {
				ASSETCATALOG_COMPILER_APPICON_NAME = AppIcon;
				ASSETCATALOG_COMPILER_GLOBAL_ACCENT_COLOR_NAME = AccentColor;
				CODE_SIGN_STYLE = Automatic;
				ENABLE_PREVIEWS = YES;
				INFOPLIST_FILE = iOS/Info.plist;
				IPHONEOS_DEPLOYMENT_TARGET = 14.0;
				LD_RUNPATH_SEARCH_PATHS = (
					"$(inherited)",
					"@executable_path/Frameworks",
				);
				PRODUCT_BUNDLE_IDENTIFIER = "com.hur.Bulls-Eye";
				PRODUCT_NAME = "Bulls Eye";
				SDKROOT = iphoneos;
				SWIFT_VERSION = 5.0;
				TARGETED_DEVICE_FAMILY = "1,2";
			};
			name = Debug;
		};
		E6947AB025E0FECD00216319 /* Release */ = {
			isa = XCBuildConfiguration;
			buildSettings = {
				ASSETCATALOG_COMPILER_APPICON_NAME = AppIcon;
				ASSETCATALOG_COMPILER_GLOBAL_ACCENT_COLOR_NAME = AccentColor;
				CODE_SIGN_STYLE = Automatic;
				ENABLE_PREVIEWS = YES;
				INFOPLIST_FILE = iOS/Info.plist;
				IPHONEOS_DEPLOYMENT_TARGET = 14.0;
				LD_RUNPATH_SEARCH_PATHS = (
					"$(inherited)",
					"@executable_path/Frameworks",
				);
				PRODUCT_BUNDLE_IDENTIFIER = "com.hur.Bulls-Eye";
				PRODUCT_NAME = "Bulls Eye";
				SDKROOT = iphoneos;
				SWIFT_VERSION = 5.0;
				TARGETED_DEVICE_FAMILY = "1,2";
				VALIDATE_PRODUCT = YES;
			};
			name = Release;
		};
		E6947AE125E290F800216319 /* Debug */ = {
			isa = XCBuildConfiguration;
			buildSettings = {
				BUNDLE_LOADER = "$(TEST_HOST)";
				CODE_SIGN_STYLE = Automatic;
				INFOPLIST_FILE = "Bulls EyeTests/Info.plist";
				IPHONEOS_DEPLOYMENT_TARGET = 14.4;
				LD_RUNPATH_SEARCH_PATHS = (
					"$(inherited)",
					"@executable_path/Frameworks",
					"@loader_path/Frameworks",
				);
				PRODUCT_BUNDLE_IDENTIFIER = "com.hur.Bulls-EyeTests";
				PRODUCT_NAME = "$(TARGET_NAME)";
				SDKROOT = iphoneos;
				SWIFT_VERSION = 5.0;
				TARGETED_DEVICE_FAMILY = "1,2";
				TEST_HOST = "$(BUILT_PRODUCTS_DIR)/Bulls Eye.app/Bulls Eye";
			};
			name = Debug;
		};
		E6947AE225E290F800216319 /* Release */ = {
			isa = XCBuildConfiguration;
			buildSettings = {
				BUNDLE_LOADER = "$(TEST_HOST)";
				CODE_SIGN_STYLE = Automatic;
				INFOPLIST_FILE = "Bulls EyeTests/Info.plist";
				IPHONEOS_DEPLOYMENT_TARGET = 14.4;
				LD_RUNPATH_SEARCH_PATHS = (
					"$(inherited)",
					"@executable_path/Frameworks",
					"@loader_path/Frameworks",
				);
				PRODUCT_BUNDLE_IDENTIFIER = "com.hur.Bulls-EyeTests";
				PRODUCT_NAME = "$(TARGET_NAME)";
				SDKROOT = iphoneos;
				SWIFT_VERSION = 5.0;
				TARGETED_DEVICE_FAMILY = "1,2";
				TEST_HOST = "$(BUILT_PRODUCTS_DIR)/Bulls Eye.app/Bulls Eye";
				VALIDATE_PRODUCT = YES;
			};
			name = Release;
		};
/* End XCBuildConfiguration section */

/* Begin XCConfigurationList section */
		E6947A7B25E0FECC00216319 /* Build configuration list for PBXProject "Bulls Eye" */ = {
			isa = XCConfigurationList;
			buildConfigurations = (
				E6947AAC25E0FECD00216319 /* Debug */,
				E6947AAD25E0FECD00216319 /* Release */,
			);
			defaultConfigurationIsVisible = 0;
			defaultConfigurationName = Release;
		};
		E6947AAE25E0FECD00216319 /* Build configuration list for PBXNativeTarget "Bulls Eye (iOS)" */ = {
			isa = XCConfigurationList;
			buildConfigurations = (
				E6947AAF25E0FECD00216319 /* Debug */,
				E6947AB025E0FECD00216319 /* Release */,
			);
			defaultConfigurationIsVisible = 0;
			defaultConfigurationName = Release;
		};
		E6947AE025E290F800216319 /* Build configuration list for PBXNativeTarget "Bulls EyeTests" */ = {
			isa = XCConfigurationList;
			buildConfigurations = (
				E6947AE125E290F800216319 /* Debug */,
				E6947AE225E290F800216319 /* Release */,
			);
			defaultConfigurationIsVisible = 0;
			defaultConfigurationName = Release;
		};
/* End XCConfigurationList section */
	};
	rootObject = E6947A7825E0FECC00216319 /* Project object */;
}
